
Microsoft Visual Studio Solution File, Format Version 12.00
# Visual Studio 15
VisualStudioVersion = 15.0.27705.2000
MinimumVisualStudioVersion = 10.0.40219.1
Project("{9A19103F-16F7-4668-BE54-9A1E7A4F7556}") = "PortalSample.Server", "PortalSample.Server\PortalSample.Server.csproj", "{15EDDE99-50E5-4665-B164-251A0F2A7506}"
EndProject
Project("{9A19103F-16F7-4668-BE54-9A1E7A4F7556}") = "PortalSample.Client", "PortalSample.Client\PortalSample.Client.csproj", "{1AD09FB6-BBAD-4C06-A815-657F5999960C}"
EndProject
Project("{9A19103F-16F7-4668-BE54-9A1E7A4F7556}") = "PortalSample.Shared", "PortalSample.Shared\PortalSample.Shared.csproj", "{B93DDE14-58D0-4C71-884F-686332F6D5EC}"
EndProject
Project("{9A19103F-16F7-4668-BE54-9A1E7A4F7556}") = "NotAClue", "NotAClue\NotAClue.csproj", "{F050B0CA-2108-45BB-909E-D87CF22D31A2}"
EndProject
Project("{9A19103F-16F7-4668-BE54-9A1E7A4F7556}") = "NotAClue.BlazorComponents", "NotAClue.BlazorComponents\NotAClue.BlazorComponents.csproj", "{814A14E7-F9C7-44C0-82A5-A96AC7BE4C62}"
EndProject
Global
	GlobalSection(SolutionConfigurationPlatforms) = preSolution
		Debug|Any CPU = Debug|Any CPU
		Release|Any CPU = Release|Any CPU
	EndGlobalSection
	GlobalSection(ProjectConfigurationPlatforms) = postSolution
		{15EDDE99-50E5-4665-B164-251A0F2A7506}.Debug|Any CPU.ActiveCfg = Debug|Any CPU
		{15EDDE99-50E5-4665-B164-251A0F2A7506}.Debug|Any CPU.Build.0 = Debug|Any CPU
		{15EDDE99-50E5-4665-B164-251A0F2A7506}.Release|Any CPU.ActiveCfg = Release|Any CPU
		{15EDDE99-50E5-4665-B164-251A0F2A7506}.Release|Any CPU.Build.0 = Release|Any CPU
		{1AD09FB6-BBAD-4C06-A815-657F5999960C}.Debug|Any CPU.ActiveCfg = Debug|Any CPU
		{1AD09FB6-BBAD-4C06-A815-657F5999960C}.Debug|Any CPU.Build.0 = Debug|Any CPU
		{1AD09FB6-BBAD-4C06-A815-657F5999960C}.Release|Any CPU.ActiveCfg = Release|Any CPU
		{1AD09FB6-BBAD-4C06-A815-657F5999960C}.Release|Any CPU.Build.0 = Release|Any CPU
		{B93DDE14-58D0-4C71-884F-686332F6D5EC}.Debug|Any CPU.ActiveCfg = Debug|Any CPU
		{B93DDE14-58D0-4C71-884F-686332F6D5EC}.Debug|Any CPU.Build.0 = Debug|Any CPU
		{B93DDE14-58D0-4C71-884F-686332F6D5EC}.Release|Any CPU.ActiveCfg = Release|Any CPU
		{B93DDE14-58D0-4C71-884F-686332F6D5EC}.Release|Any CPU.Build.0 = Release|Any CPU
		{F050B0CA-2108-45BB-909E-D87CF22D31A2}.Debug|Any CPU.ActiveCfg = Debug|Any CPU
		{F050B0CA-2108-45BB-909E-D87CF22D31A2}.Debug|Any CPU.Build.0 = Debug|Any CPU
		{F050B0CA-2108-45BB-909E-D87CF22D31A2}.Release|Any CPU.ActiveCfg = Release|Any CPU
		{F050B0CA-2108-45BB-909E-D87CF22D31A2}.Release|Any CPU.Build.0 = Release|Any CPU
		{814A14E7-F9C7-44C0-82A5-A96AC7BE4C62}.Debug|Any CPU.ActiveCfg = Debug|Any CPU
		{814A14E7-F9C7-44C0-82A5-A96AC7BE4C62}.Debug|Any CPU.Build.0 = Debug|Any CPU
		{814A14E7-F9C7-44C0-82A5-A96AC7BE4C62}.Release|Any CPU.ActiveCfg = Release|Any CPU
		{814A14E7-F9C7-44C0-82A5-A96AC7BE4C62}.Release|Any CPU.Build.0 = Release|Any CPU
	EndGlobalSection
	GlobalSection(SolutionProperties) = preSolution
		HideSolutionNode = FALSE
	EndGlobalSection
	GlobalSection(ExtensibilityGlobals) = postSolution
		SolutionGuid = {5347B6B1-542A-430B-BC04-B80218123FD8}
	EndGlobalSection
EndGlobal
